
Microsoft Visual Studio Solution File, Format Version 12.00
# Visual Studio Version 17
VisualStudioVersion = 17.13.35825.156 d17.13
MinimumVisualStudioVersion = 10.0.40219.1
Project("{8BC9CEB8-8B4A-11D0-8D11-00A0C91BC942}") = "CSCN72050-Robot-Project", "CSCN72050-Robot-Project\CSCN72050-Robot-Project.vcxproj", "{0D80E4B0-32AF-4F46-B369-7EC7255223F9}"
EndProject
Global
	GlobalSection(SolutionConfigurationPlatforms) = preSolution
		Debug|x64 = Debug|x64
		Debug|x86 = Debug|x86
		Release|x64 = Release|x64
		Release|x86 = Release|x86
	EndGlobalSection
	GlobalSection(ProjectConfigurationPlatforms) = postSolution
		{0D80E4B0-32AF-4F46-B369-7EC7255223F9}.Debug|x64.ActiveCfg = Debug|x64
		{0D80E4B0-32AF-4F46-B369-7EC7255223F9}.Debug|x64.Build.0 = Debug|x64
		{0D80E4B0-32AF-4F46-B369-7EC7255223F9}.Debug|x86.ActiveCfg = Debug|Win32
		{0D80E4B0-32AF-4F46-B369-7EC7255223F9}.Debug|x86.Build.0 = Debug|Win32
		{0D80E4B0-32AF-4F46-B369-7EC7255223F9}.Release|x64.ActiveCfg = Release|x64
		{0D80E4B0-32AF-4F46-B369-7EC7255223F9}.Release|x64.Build.0 = Release|x64
		{0D80E4B0-32AF-4F46-B369-7EC7255223F9}.Release|x86.ActiveCfg = Release|Win32
		{0D80E4B0-32AF-4F46-B369-7EC7255223F9}.Release|x86.Build.0 = Release|Win32
	EndGlobalSection
	GlobalSection(SolutionProperties) = preSolution
		HideSolutionNode = FALSE
	EndGlobalSection
	GlobalSection(ExtensibilityGlobals) = postSolution
		SolutionGuid = {E11BBF25-15E9-4824-8793-B925BCA1C6C2}
	EndGlobalSection
EndGlobal
